// !$*UTF8*$!
{
	archiveVersion = 1;
	classes = {
	};
	objectVersion = 77;
	objects = {

/* Begin PBXContainerItemProxy section */
		BEC1DA852CAA3905009C5FAF /* PBXContainerItemProxy */ = {
			isa = PBXContainerItemProxy;
			containerPortal = BEC1DA6C2CAA38FE009C5FAF /* Project object */;
			proxyType = 1;
			remoteGlobalIDString = BEC1DA732CAA38FF009C5FAF;
			remoteInfo = Fudanagashi;
		};
		BEC1DA8F2CAA3905009C5FAF /* PBXContainerItemProxy */ = {
			isa = PBXContainerItemProxy;
			containerPortal = BEC1DA6C2CAA38FE009C5FAF /* Project object */;
			proxyType = 1;
			remoteGlobalIDString = BEC1DA732CAA38FF009C5FAF;
			remoteInfo = Fudanagashi;
		};
/* End PBXContainerItemProxy section */

/* Begin PBXFileReference section */
		BEC1DA742CAA38FF009C5FAF /* Fudanagashi.app */ = {isa = PBXFileReference; explicitFileType = wrapper.application; includeInIndex = 0; path = Fudanagashi.app; sourceTree = BUILT_PRODUCTS_DIR; };
		BEC1DA842CAA3905009C5FAF /* FudanagashiTests.xctest */ = {isa = PBXFileReference; explicitFileType = wrapper.cfbundle; includeInIndex = 0; path = FudanagashiTests.xctest; sourceTree = BUILT_PRODUCTS_DIR; };
		BEC1DA8E2CAA3905009C5FAF /* FudanagashiUITests.xctest */ = {isa = PBXFileReference; explicitFileType = wrapper.cfbundle; includeInIndex = 0; path = FudanagashiUITests.xctest; sourceTree = BUILT_PRODUCTS_DIR; };
/* End PBXFileReference section */

/* Begin PBXFileSystemSynchronizedBuildFileExceptionSet section */
		BEE163B22CE0F82F005DCAC7 /* Exceptions for "Fudanagashi" folder in "Fudanagashi" target */ = {
			isa = PBXFileSystemSynchronizedBuildFileExceptionSet;
			membershipExceptions = (
				Info.plist,
			);
			target = BEC1DA732CAA38FF009C5FAF /* Fudanagashi */;
		};
/* End PBXFileSystemSynchronizedBuildFileExceptionSet section */

/* Begin PBXFileSystemSynchronizedRootGroup section */
		BEC1DA762CAA38FF009C5FAF /* Fudanagashi */ = {
			isa = PBXFileSystemSynchronizedRootGroup;
			exceptions = (
				BEE163B22CE0F82F005DCAC7 /* Exceptions for "Fudanagashi" folder in "Fudanagashi" target */,
			);
			path = Fudanagashi;
			sourceTree = "<group>";
		};
		BEC1DA872CAA3905009C5FAF /* FudanagashiTests */ = {
			isa = PBXFileSystemSynchronizedRootGroup;
			path = FudanagashiTests;
			sourceTree = "<group>";
		};
		BEC1DA912CAA3905009C5FAF /* FudanagashiUITests */ = {
			isa = PBXFileSystemSynchronizedRootGroup;
			path = FudanagashiUITests;
			sourceTree = "<group>";
		};
/* End PBXFileSystemSynchronizedRootGroup section */

/* Begin PBXFrameworksBuildPhase section */
		BEC1DA712CAA38FF009C5FAF /* Frameworks */ = {
			isa = PBXFrameworksBuildPhase;
			buildActionMask = 2147483647;
			files = (
			);
			runOnlyForDeploymentPostprocessing = 0;
		};
		BEC1DA812CAA3905009C5FAF /* Frameworks */ = {
			isa = PBXFrameworksBuildPhase;
			buildActionMask = 2147483647;
			files = (
			);
			runOnlyForDeploymentPostprocessing = 0;
		};
		BEC1DA8B2CAA3905009C5FAF /* Frameworks */ = {
			isa = PBXFrameworksBuildPhase;
			buildActionMask = 2147483647;
			files = (
			);
			runOnlyForDeploymentPostprocessing = 0;
		};
/* End PBXFrameworksBuildPhase section */

/* Begin PBXGroup section */
		BEC1DA6B2CAA38FE009C5FAF = {
			isa = PBXGroup;
			children = (
				BEC1DA762CAA38FF009C5FAF /* Fudanagashi */,
				BEC1DA872CAA3905009C5FAF /* FudanagashiTests */,
				BEC1DA912CAA3905009C5FAF /* FudanagashiUITests */,
				BEC1DA752CAA38FF009C5FAF /* Products */,
			);
			sourceTree = "<group>";
		};
		BEC1DA752CAA38FF009C5FAF /* Products */ = {
			isa = PBXGroup;
			children = (
				BEC1DA742CAA38FF009C5FAF /* Fudanagashi.app */,
				BEC1DA842CAA3905009C5FAF /* FudanagashiTests.xctest */,
				BEC1DA8E2CAA3905009C5FAF /* FudanagashiUITests.xctest */,
			);
			name = Products;
			sourceTree = "<group>";
		};
/* End PBXGroup section */

/* Begin PBXNativeTarget section */
		BEC1DA732CAA38FF009C5FAF /* Fudanagashi */ = {
			isa = PBXNativeTarget;
			buildConfigurationList = BEC1DA982CAA3905009C5FAF /* Build configuration list for PBXNativeTarget "Fudanagashi" */;
			buildPhases = (
				BEC1DA702CAA38FF009C5FAF /* Sources */,
				BEC1DA712CAA38FF009C5FAF /* Frameworks */,
				BEC1DA722CAA38FF009C5FAF /* Resources */,
			);
			buildRules = (
			);
			dependencies = (
			);
			fileSystemSynchronizedGroups = (
				BEC1DA762CAA38FF009C5FAF /* Fudanagashi */,
			);
			name = Fudanagashi;
			packageProductDependencies = (
			);
			productName = Fudanagashi;
			productReference = BEC1DA742CAA38FF009C5FAF /* Fudanagashi.app */;
			productType = "com.apple.product-type.application";
		};
		BEC1DA832CAA3905009C5FAF /* FudanagashiTests */ = {
			isa = PBXNativeTarget;
			buildConfigurationList = BEC1DA9B2CAA3905009C5FAF /* Build configuration list for PBXNativeTarget "FudanagashiTests" */;
			buildPhases = (
				BEC1DA802CAA3905009C5FAF /* Sources */,
				BEC1DA812CAA3905009C5FAF /* Frameworks */,
				BEC1DA822CAA3905009C5FAF /* Resources */,
			);
			buildRules = (
			);
			dependencies = (
				BEC1DA862CAA3905009C5FAF /* PBXTargetDependency */,
			);
			fileSystemSynchronizedGroups = (
				BEC1DA872CAA3905009C5FAF /* FudanagashiTests */,
			);
			name = FudanagashiTests;
			packageProductDependencies = (
			);
			productName = FudanagashiTests;
			productReference = BEC1DA842CAA3905009C5FAF /* FudanagashiTests.xctest */;
			productType = "com.apple.product-type.bundle.unit-test";
		};
		BEC1DA8D2CAA3905009C5FAF /* FudanagashiUITests */ = {
			isa = PBXNativeTarget;
			buildConfigurationList = BEC1DA9E2CAA3905009C5FAF /* Build configuration list for PBXNativeTarget "FudanagashiUITests" */;
			buildPhases = (
				BEC1DA8A2CAA3905009C5FAF /* Sources */,
				BEC1DA8B2CAA3905009C5FAF /* Frameworks */,
				BEC1DA8C2CAA3905009C5FAF /* Resources */,
			);
			buildRules = (
			);
			dependencies = (
				BEC1DA902CAA3905009C5FAF /* PBXTargetDependency */,
			);
			fileSystemSynchronizedGroups = (
				BEC1DA912CAA3905009C5FAF /* FudanagashiUITests */,
			);
			name = FudanagashiUITests;
			packageProductDependencies = (
			);
			productName = FudanagashiUITests;
			productReference = BEC1DA8E2CAA3905009C5FAF /* FudanagashiUITests.xctest */;
			productType = "com.apple.product-type.bundle.ui-testing";
		};
/* End PBXNativeTarget section */

/* Begin PBXProject section */
		BEC1DA6C2CAA38FE009C5FAF /* Project object */ = {
			isa = PBXProject;
			attributes = {
				BuildIndependentTargetsInParallel = 1;
				LastSwiftUpdateCheck = 1600;
				LastUpgradeCheck = 1630;
				TargetAttributes = {
					BEC1DA732CAA38FF009C5FAF = {
						CreatedOnToolsVersion = 16.0;
					};
					BEC1DA832CAA3905009C5FAF = {
						CreatedOnToolsVersion = 16.0;
						TestTargetID = BEC1DA732CAA38FF009C5FAF;
					};
					BEC1DA8D2CAA3905009C5FAF = {
						CreatedOnToolsVersion = 16.0;
						TestTargetID = BEC1DA732CAA38FF009C5FAF;
					};
				};
			};
			buildConfigurationList = BEC1DA6F2CAA38FE009C5FAF /* Build configuration list for PBXProject "Fudanagashi" */;
			developmentRegion = ja;
			hasScannedForEncodings = 0;
			knownRegions = (
				en,
				ja,
				Base,
				fr,
				es,
			);
			mainGroup = BEC1DA6B2CAA38FE009C5FAF;
			minimizedProjectReferenceProxies = 1;
			preferredProjectObjectVersion = 77;
			productRefGroup = BEC1DA752CAA38FF009C5FAF /* Products */;
			projectDirPath = "";
			projectRoot = "";
			targets = (
				BEC1DA732CAA38FF009C5FAF /* Fudanagashi */,
				BEC1DA832CAA3905009C5FAF /* FudanagashiTests */,
				BEC1DA8D2CAA3905009C5FAF /* FudanagashiUITests */,
			);
		};
/* End PBXProject section */

/* Begin PBXResourcesBuildPhase section */
		BEC1DA722CAA38FF009C5FAF /* Resources */ = {
			isa = PBXResourcesBuildPhase;
			buildActionMask = 2147483647;
			files = (
			);
			runOnlyForDeploymentPostprocessing = 0;
		};
		BEC1DA822CAA3905009C5FAF /* Resources */ = {
			isa = PBXResourcesBuildPhase;
			buildActionMask = 2147483647;
			files = (
			);
			runOnlyForDeploymentPostprocessing = 0;
		};
		BEC1DA8C2CAA3905009C5FAF /* Resources */ = {
			isa = PBXResourcesBuildPhase;
			buildActionMask = 2147483647;
			files = (
			);
			runOnlyForDeploymentPostprocessing = 0;
		};
/* End PBXResourcesBuildPhase section */

/* Begin PBXSourcesBuildPhase section */
		BEC1DA702CAA38FF009C5FAF /* Sources */ = {
			isa = PBXSourcesBuildPhase;
			buildActionMask = 2147483647;
			files = (
			);
			runOnlyForDeploymentPostprocessing = 0;
		};
		BEC1DA802CAA3905009C5FAF /* Sources */ = {
			isa = PBXSourcesBuildPhase;
			buildActionMask = 2147483647;
			files = (
			);
			runOnlyForDeploymentPostprocessing = 0;
		};
		BEC1DA8A2CAA3905009C5FAF /* Sources */ = {
			isa = PBXSourcesBuildPhase;
			buildActionMask = 2147483647;
			files = (
			);
			runOnlyForDeploymentPostprocessing = 0;
		};
/* End PBXSourcesBuildPhase section */

/* Begin PBXTargetDependency section */
		BEC1DA862CAA3905009C5FAF /* PBXTargetDependency */ = {
			isa = PBXTargetDependency;
			target = BEC1DA732CAA38FF009C5FAF /* Fudanagashi */;
			targetProxy = BEC1DA852CAA3905009C5FAF /* PBXContainerItemProxy */;
		};
		BEC1DA902CAA3905009C5FAF /* PBXTargetDependency */ = {
			isa = PBXTargetDependency;
			target = BEC1DA732CAA38FF009C5FAF /* Fudanagashi */;
			targetProxy = BEC1DA8F2CAA3905009C5FAF /* PBXContainerItemProxy */;
		};
/* End PBXTargetDependency section */

/* Begin XCBuildConfiguration section */
		BEC1DA962CAA3905009C5FAF /* Debug */ = {
			isa = XCBuildConfiguration;
			buildSettings = {
				ALWAYS_SEARCH_USER_PATHS = NO;
				ASSETCATALOG_COMPILER_GENERATE_SWIFT_ASSET_SYMBOL_EXTENSIONS = YES;
				CLANG_ANALYZER_LOCALIZABILITY_NONLOCALIZED = YES;
				CLANG_ANALYZER_NONNULL = YES;
				CLANG_ANALYZER_NUMBER_OBJECT_CONVERSION = YES_AGGRESSIVE;
				CLANG_CXX_LANGUAGE_STANDARD = "gnu++20";
				CLANG_ENABLE_MODULES = YES;
				CLANG_ENABLE_OBJC_ARC = YES;
				CLANG_ENABLE_OBJC_WEAK = YES;
				CLANG_WARN_BLOCK_CAPTURE_AUTORELEASING = YES;
				CLANG_WARN_BOOL_CONVERSION = YES;
				CLANG_WARN_COMMA = YES;
				CLANG_WARN_CONSTANT_CONVERSION = YES;
				CLANG_WARN_DEPRECATED_OBJC_IMPLEMENTATIONS = YES;
				CLANG_WARN_DIRECT_OBJC_ISA_USAGE = YES_ERROR;
				CLANG_WARN_DOCUMENTATION_COMMENTS = YES;
				CLANG_WARN_EMPTY_BODY = YES;
				CLANG_WARN_ENUM_CONVERSION = YES;
				CLANG_WARN_INFINITE_RECURSION = YES;
				CLANG_WARN_INT_CONVERSION = YES;
				CLANG_WARN_NON_LITERAL_NULL_CONVERSION = YES;
				CLANG_WARN_OBJC_IMPLICIT_RETAIN_SELF = YES;
				CLANG_WARN_OBJC_LITERAL_CONVERSION = YES;
				CLANG_WARN_OBJC_ROOT_CLASS = YES_ERROR;
				CLANG_WARN_QUOTED_INCLUDE_IN_FRAMEWORK_HEADER = YES;
				CLANG_WARN_RANGE_LOOP_ANALYSIS = YES;
				CLANG_WARN_STRICT_PROTOTYPES = YES;
				CLANG_WARN_SUSPICIOUS_MOVE = YES;
				CLANG_WARN_UNGUARDED_AVAILABILITY = YES_AGGRESSIVE;
				CLANG_WARN_UNREACHABLE_CODE = YES;
				CLANG_WARN__DUPLICATE_METHOD_MATCH = YES;
				COPY_PHASE_STRIP = NO;
				DEBUG_INFORMATION_FORMAT = dwarf;
				ENABLE_STRICT_OBJC_MSGSEND = YES;
				ENABLE_TESTABILITY = YES;
				ENABLE_USER_SCRIPT_SANDBOXING = YES;
				GCC_C_LANGUAGE_STANDARD = gnu17;
				GCC_DYNAMIC_NO_PIC = NO;
				GCC_NO_COMMON_BLOCKS = YES;
				GCC_OPTIMIZATION_LEVEL = 0;
				GCC_PREPROCESSOR_DEFINITIONS = (
					"DEBUG=1",
					"$(inherited)",
				);
				GCC_WARN_64_TO_32_BIT_CONVERSION = YES;
				GCC_WARN_ABOUT_RETURN_TYPE = YES_ERROR;
				GCC_WARN_UNDECLARED_SELECTOR = YES;
				GCC_WARN_UNINITIALIZED_AUTOS = YES_AGGRESSIVE;
				GCC_WARN_UNUSED_FUNCTION = YES;
				GCC_WARN_UNUSED_VARIABLE = YES;
				IPHONEOS_DEPLOYMENT_TARGET = 18.0;
				LOCALIZATION_PREFERS_STRING_CATALOGS = YES;
				MTL_ENABLE_DEBUG_INFO = INCLUDE_SOURCE;
				MTL_FAST_MATH = YES;
				ONLY_ACTIVE_ARCH = YES;
				SDKROOT = iphoneos;
				SWIFT_ACTIVE_COMPILATION_CONDITIONS = "DEBUG $(inherited)";
				SWIFT_EMIT_LOC_STRINGS = YES;
				SWIFT_OPTIMIZATION_LEVEL = "-Onone";
			};
			name = Debug;
		};
		BEC1DA972CAA3905009C5FAF /* Release */ = {
			isa = XCBuildConfiguration;
			buildSettings = {
				ALWAYS_SEARCH_USER_PATHS = NO;
				ASSETCATALOG_COMPILER_GENERATE_SWIFT_ASSET_SYMBOL_EXTENSIONS = YES;
				CLANG_ANALYZER_LOCALIZABILITY_NONLOCALIZED = YES;
				CLANG_ANALYZER_NONNULL = YES;
				CLANG_ANALYZER_NUMBER_OBJECT_CONVERSION = YES_AGGRESSIVE;
				CLANG_CXX_LANGUAGE_STANDARD = "gnu++20";
				CLANG_ENABLE_MODULES = YES;
				CLANG_ENABLE_OBJC_ARC = YES;
				CLANG_ENABLE_OBJC_WEAK = YES;
				CLANG_WARN_BLOCK_CAPTURE_AUTORELEASING = YES;
				CLANG_WARN_BOOL_CONVERSION = YES;
				CLANG_WARN_COMMA = YES;
				CLANG_WARN_CONSTANT_CONVERSION = YES;
				CLANG_WARN_DEPRECATED_OBJC_IMPLEMENTATIONS = YES;
				CLANG_WARN_DIRECT_OBJC_ISA_USAGE = YES_ERROR;
				CLANG_WARN_DOCUMENTATION_COMMENTS = YES;
				CLANG_WARN_EMPTY_BODY = YES;
				CLANG_WARN_ENUM_CONVERSION = YES;
				CLANG_WARN_INFINITE_RECURSION = YES;
				CLANG_WARN_INT_CONVERSION = YES;
				CLANG_WARN_NON_LITERAL_NULL_CONVERSION = YES;
				CLANG_WARN_OBJC_IMPLICIT_RETAIN_SELF = YES;
				CLANG_WARN_OBJC_LITERAL_CONVERSION = YES;
				CLANG_WARN_OBJC_ROOT_CLASS = YES_ERROR;
				CLANG_WARN_QUOTED_INCLUDE_IN_FRAMEWORK_HEADER = YES;
				CLANG_WARN_RANGE_LOOP_ANALYSIS = YES;
				CLANG_WARN_STRICT_PROTOTYPES = YES;
				CLANG_WARN_SUSPICIOUS_MOVE = YES;
				CLANG_WARN_UNGUARDED_AVAILABILITY = YES_AGGRESSIVE;
				CLANG_WARN_UNREACHABLE_CODE = YES;
				CLANG_WARN__DUPLICATE_METHOD_MATCH = YES;
				COPY_PHASE_STRIP = NO;
				DEBUG_INFORMATION_FORMAT = "dwarf-with-dsym";
				ENABLE_NS_ASSERTIONS = NO;
				ENABLE_STRICT_OBJC_MSGSEND = YES;
				ENABLE_USER_SCRIPT_SANDBOXING = YES;
				GCC_C_LANGUAGE_STANDARD = gnu17;
				GCC_NO_COMMON_BLOCKS = YES;
				GCC_WARN_64_TO_32_BIT_CONVERSION = YES;
				GCC_WARN_ABOUT_RETURN_TYPE = YES_ERROR;
				GCC_WARN_UNDECLARED_SELECTOR = YES;
				GCC_WARN_UNINITIALIZED_AUTOS = YES_AGGRESSIVE;
				GCC_WARN_UNUSED_FUNCTION = YES;
				GCC_WARN_UNUSED_VARIABLE = YES;
				IPHONEOS_DEPLOYMENT_TARGET = 18.0;
				LOCALIZATION_PREFERS_STRING_CATALOGS = YES;
				MTL_ENABLE_DEBUG_INFO = NO;
				MTL_FAST_MATH = YES;
				SDKROOT = iphoneos;
				SWIFT_COMPILATION_MODE = wholemodule;
				SWIFT_EMIT_LOC_STRINGS = YES;
				VALIDATE_PRODUCT = YES;
			};
			name = Release;
		};
		BEC1DA992CAA3905009C5FAF /* Debug */ = {
			isa = XCBuildConfiguration;
			buildSettings = {
				ASSETCATALOG_COMPILER_APPICON_NAME = Fudanagashi;
				ASSETCATALOG_COMPILER_GLOBAL_ACCENT_COLOR_NAME = AccentColor;
				CODE_SIGN_ENTITLEMENTS = Fudanagashi/Fudanagashi.entitlements;
				CODE_SIGN_IDENTITY = "Apple Development";
				CODE_SIGN_STYLE = Automatic;
				CURRENT_PROJECT_VERSION = 1;
				DEVELOPMENT_ASSET_PATHS = "\"Fudanagashi/Preview Content\"";
				DEVELOPMENT_TEAM = 735Z8MDF24;
				ENABLE_PREVIEWS = YES;
				GENERATE_INFOPLIST_FILE = YES;
				INFOPLIST_FILE = Fudanagashi/Info.plist;
				INFOPLIST_KEY_CFBundleDisplayName = "ふだながし";
				INFOPLIST_KEY_LSApplicationCategoryType = "public.app-category.card-games";
				INFOPLIST_KEY_UIApplicationSceneManifest_Generation = YES;
				INFOPLIST_KEY_UIApplicationSupportsIndirectInputEvents = YES;
				INFOPLIST_KEY_UILaunchScreen_Generation = YES;
				INFOPLIST_KEY_UISupportedInterfaceOrientations = UIInterfaceOrientationPortrait;
				INFOPLIST_KEY_UISupportedInterfaceOrientations_iPad = "UIInterfaceOrientationLandscapeLeft UIInterfaceOrientationLandscapeRight UIInterfaceOrientationPortrait UIInterfaceOrientationPortraitUpsideDown";
				IPHONEOS_DEPLOYMENT_TARGET = 16.6;
				LD_RUNPATH_SEARCH_PATHS = (
					"$(inherited)",
					"@executable_path/Frameworks",
				);
				MARKETING_VERSION = 2.2.0;
				PRODUCT_BUNDLE_IDENTIFIER = "io.github.sota-mitsumori";
				PRODUCT_NAME = "$(TARGET_NAME)";
				PROVISIONING_PROFILE_SPECIFIER = "";
				SUPPORTED_PLATFORMS = "iphoneos iphonesimulator";
				SUPPORTS_MACCATALYST = NO;
				SWIFT_EMIT_LOC_STRINGS = YES;
				SWIFT_VERSION = 5.0;
				TARGETED_DEVICE_FAMILY = 1;
			};
			name = Debug;
		};
		BEC1DA9A2CAA3905009C5FAF /* Release */ = {
			isa = XCBuildConfiguration;
			buildSettings = {
				ASSETCATALOG_COMPILER_APPICON_NAME = Fudanagashi;
				ASSETCATALOG_COMPILER_GLOBAL_ACCENT_COLOR_NAME = AccentColor;
				CODE_SIGN_ENTITLEMENTS = Fudanagashi/Fudanagashi.entitlements;
				CODE_SIGN_IDENTITY = "Apple Development";
				CODE_SIGN_STYLE = Automatic;
				CURRENT_PROJECT_VERSION = 1;
				DEVELOPMENT_ASSET_PATHS = "\"Fudanagashi/Preview Content\"";
				DEVELOPMENT_TEAM = 735Z8MDF24;
				ENABLE_PREVIEWS = YES;
				GENERATE_INFOPLIST_FILE = YES;
				INFOPLIST_FILE = Fudanagashi/Info.plist;
				INFOPLIST_KEY_CFBundleDisplayName = "ふだながし";
				INFOPLIST_KEY_LSApplicationCategoryType = "public.app-category.card-games";
				INFOPLIST_KEY_UIApplicationSceneManifest_Generation = YES;
				INFOPLIST_KEY_UIApplicationSupportsIndirectInputEvents = YES;
				INFOPLIST_KEY_UILaunchScreen_Generation = YES;
				INFOPLIST_KEY_UISupportedInterfaceOrientations = UIInterfaceOrientationPortrait;
				INFOPLIST_KEY_UISupportedInterfaceOrientations_iPad = "UIInterfaceOrientationLandscapeLeft UIInterfaceOrientationLandscapeRight UIInterfaceOrientationPortrait UIInterfaceOrientationPortraitUpsideDown";
				IPHONEOS_DEPLOYMENT_TARGET = 16.6;
				LD_RUNPATH_SEARCH_PATHS = (
					"$(inherited)",
					"@executable_path/Frameworks",
				);
				MARKETING_VERSION = 2.2.0;
				PRODUCT_BUNDLE_IDENTIFIER = "io.github.sota-mitsumori";
				PRODUCT_NAME = "$(TARGET_NAME)";
				PROVISIONING_PROFILE_SPECIFIER = "";
				SUPPORTED_PLATFORMS = "iphoneos iphonesimulator";
				SUPPORTS_MACCATALYST = NO;
				SWIFT_EMIT_LOC_STRINGS = YES;
				SWIFT_VERSION = 5.0;
				TARGETED_DEVICE_FAMILY = 1;
			};
			name = Release;
		};
		BEC1DA9C2CAA3905009C5FAF /* Debug */ = {
			isa = XCBuildConfiguration;
			buildSettings = {
				BUNDLE_LOADER = "$(TEST_HOST)";
				CODE_SIGN_STYLE = Automatic;
				CURRENT_PROJECT_VERSION = 1;
				GENERATE_INFOPLIST_FILE = YES;
				IPHONEOS_DEPLOYMENT_TARGET = 18.0;
				MARKETING_VERSION = 1.0;
				PRODUCT_BUNDLE_IDENTIFIER = com.example.FudanagashiTests;
				PRODUCT_NAME = "$(TARGET_NAME)";
				SWIFT_EMIT_LOC_STRINGS = NO;
				SWIFT_VERSION = 5.0;
				TARGETED_DEVICE_FAMILY = "1,2";
				TEST_HOST = "$(BUILT_PRODUCTS_DIR)/Fudanagashi.app/$(BUNDLE_EXECUTABLE_FOLDER_PATH)/Fudanagashi";
			};
			name = Debug;
		};
		BEC1DA9D2CAA3905009C5FAF /* Release */ = {
			isa = XCBuildConfiguration;
			buildSettings = {
				BUNDLE_LOADER = "$(TEST_HOST)";
				CODE_SIGN_STYLE = Automatic;
				CURRENT_PROJECT_VERSION = 1;
				GENERATE_INFOPLIST_FILE = YES;
				IPHONEOS_DEPLOYMENT_TARGET = 18.0;
				MARKETING_VERSION = 1.0;
				PRODUCT_BUNDLE_IDENTIFIER = com.example.FudanagashiTests;
				PRODUCT_NAME = "$(TARGET_NAME)";
				SWIFT_EMIT_LOC_STRINGS = NO;
				SWIFT_VERSION = 5.0;
				TARGETED_DEVICE_FAMILY = "1,2";
				TEST_HOST = "$(BUILT_PRODUCTS_DIR)/Fudanagashi.app/$(BUNDLE_EXECUTABLE_FOLDER_PATH)/Fudanagashi";
			};
			name = Release;
		};
		BEC1DA9F2CAA3905009C5FAF /* Debug */ = {
			isa = XCBuildConfiguration;
			buildSettings = {
				CODE_SIGN_STYLE = Automatic;
				CURRENT_PROJECT_VERSION = 1;
				GENERATE_INFOPLIST_FILE = YES;
				MARKETING_VERSION = 1.0;
				PRODUCT_BUNDLE_IDENTIFIER = com.example.FudanagashiUITests;
				PRODUCT_NAME = "$(TARGET_NAME)";
				SWIFT_EMIT_LOC_STRINGS = NO;
				SWIFT_VERSION = 5.0;
				TARGETED_DEVICE_FAMILY = "1,2";
				TEST_TARGET_NAME = Fudanagashi;
			};
			name = Debug;
		};
		BEC1DAA02CAA3905009C5FAF /* Release */ = {
			isa = XCBuildConfiguration;
			buildSettings = {
				CODE_SIGN_STYLE = Automatic;
				CURRENT_PROJECT_VERSION = 1;
				GENERATE_INFOPLIST_FILE = YES;
				MARKETING_VERSION = 1.0;
				PRODUCT_BUNDLE_IDENTIFIER = com.example.FudanagashiUITests;
				PRODUCT_NAME = "$(TARGET_NAME)";
				SWIFT_EMIT_LOC_STRINGS = NO;
				SWIFT_VERSION = 5.0;
				TARGETED_DEVICE_FAMILY = "1,2";
				TEST_TARGET_NAME = Fudanagashi;
			};
			name = Release;
		};
/* End XCBuildConfiguration section */

/* Begin XCConfigurationList section */
		BEC1DA6F2CAA38FE009C5FAF /* Build configuration list for PBXProject "Fudanagashi" */ = {
			isa = XCConfigurationList;
			buildConfigurations = (
				BEC1DA962CAA3905009C5FAF /* Debug */,
				BEC1DA972CAA3905009C5FAF /* Release */,
			);
			defaultConfigurationIsVisible = 0;
			defaultConfigurationName = Release;
		};
		BEC1DA982CAA3905009C5FAF /* Build configuration list for PBXNativeTarget "Fudanagashi" */ = {
			isa = XCConfigurationList;
			buildConfigurations = (
				BEC1DA992CAA3905009C5FAF /* Debug */,
				BEC1DA9A2CAA3905009C5FAF /* Release */,
			);
			defaultConfigurationIsVisible = 0;
			defaultConfigurationName = Release;
		};
		BEC1DA9B2CAA3905009C5FAF /* Build configuration list for PBXNativeTarget "FudanagashiTests" */ = {
			isa = XCConfigurationList;
			buildConfigurations = (
				BEC1DA9C2CAA3905009C5FAF /* Debug */,
				BEC1DA9D2CAA3905009C5FAF /* Release */,
			);
			defaultConfigurationIsVisible = 0;
			defaultConfigurationName = Release;
		};
		BEC1DA9E2CAA3905009C5FAF /* Build configuration list for PBXNativeTarget "FudanagashiUITests" */ = {
			isa = XCConfigurationList;
			buildConfigurations = (
				BEC1DA9F2CAA3905009C5FAF /* Debug */,
				BEC1DAA02CAA3905009C5FAF /* Release */,
			);
			defaultConfigurationIsVisible = 0;
			defaultConfigurationName = Release;
		};
/* End XCConfigurationList section */
	};
	rootObject = BEC1DA6C2CAA38FE009C5FAF /* Project object */;
}
